
Microsoft Visual Studio Solution File, Format Version 12.00
# Visual Studio 2013
VisualStudioVersion = 12.0.31101.0
MinimumVisualStudioVersion = 10.0.40219.1
Project("{D954291E-2A0B-460D-934E-DC6B0785DB48}") = "TheAbcSong", "TheAbcSong\TheAbcSong\TheAbcSong.shproj", "{2EAD0319-8181-49B4-A637-E53E1CBBB4E9}"
EndProject
Project("{FAE04EC0-301F-11D3-BF4B-00C04F79EFBC}") = "TheAbcSong.WinPhone", "TheAbcSong\TheAbcSong.WinPhone\TheAbcSong.WinPhone.csproj", "{E9B62BC8-EAB4-4DDA-AA6F-13FD75A1B00B}"
EndProject
Project("{FAE04EC0-301F-11D3-BF4B-00C04F79EFBC}") = "TheAbcSong.iOS", "TheAbcSong\TheAbcSong.iOS\TheAbcSong.iOS.csproj", "{D7C93D56-46B8-4BC1-8CDF-A5BB9C7ACD21}"
EndProject
Project("{FAE04EC0-301F-11D3-BF4B-00C04F79EFBC}") = "TheAbcSong.Android", "TheAbcSong\TheAbcSong.Android\TheAbcSong.Android.csproj", "{4DF3E3F4-1F1E-4E18-A432-CD005D18681E}"
EndProject
Global
	GlobalSection(SharedMSBuildProjectFiles) = preSolution
		TheAbcSong\TheAbcSong\TheAbcSong.projitems*{2ead0319-8181-49b4-a637-e53e1cbbb4e9}*SharedItemsImports = 13
	EndGlobalSection
	GlobalSection(SolutionConfigurationPlatforms) = preSolution
		Ad-Hoc|Any CPU = Ad-Hoc|Any CPU
		Ad-Hoc|ARM = Ad-Hoc|ARM
		Ad-Hoc|iPhone = Ad-Hoc|iPhone
		Ad-Hoc|iPhoneSimulator = Ad-Hoc|iPhoneSimulator
		Ad-Hoc|Mixed Platforms = Ad-Hoc|Mixed Platforms
		Ad-Hoc|x86 = Ad-Hoc|x86
		AppStore|Any CPU = AppStore|Any CPU
		AppStore|ARM = AppStore|ARM
		AppStore|iPhone = AppStore|iPhone
		AppStore|iPhoneSimulator = AppStore|iPhoneSimulator
		AppStore|Mixed Platforms = AppStore|Mixed Platforms
		AppStore|x86 = AppStore|x86
		Debug|Any CPU = Debug|Any CPU
		Debug|ARM = Debug|ARM
		Debug|iPhone = Debug|iPhone
		Debug|iPhoneSimulator = Debug|iPhoneSimulator
		Debug|Mixed Platforms = Debug|Mixed Platforms
		Debug|x86 = Debug|x86
		Release|Any CPU = Release|Any CPU
		Release|ARM = Release|ARM
		Release|iPhone = Release|iPhone
		Release|iPhoneSimulator = Release|iPhoneSimulator
		Release|Mixed Platforms = Release|Mixed Platforms
		Release|x86 = Release|x86
	EndGlobalSection
	GlobalSection(ProjectConfigurationPlatforms) = postSolution
		{E9B62BC8-EAB4-4DDA-AA6F-13FD75A1B00B}.Ad-Hoc|Any CPU.ActiveCfg = Release|Any CPU
		{E9B62BC8-EAB4-4DDA-AA6F-13FD75A1B00B}.Ad-Hoc|Any CPU.Build.0 = Release|Any CPU
		{E9B62BC8-EAB4-4DDA-AA6F-13FD75A1B00B}.Ad-Hoc|Any CPU.Deploy.0 = Release|Any CPU
		{E9B62BC8-EAB4-4DDA-AA6F-13FD75A1B00B}.Ad-Hoc|ARM.ActiveCfg = Release|ARM
		{E9B62BC8-EAB4-4DDA-AA6F-13FD75A1B00B}.Ad-Hoc|ARM.Build.0 = Release|ARM
		{E9B62BC8-EAB4-4DDA-AA6F-13FD75A1B00B}.Ad-Hoc|ARM.Deploy.0 = Release|ARM
		{E9B62BC8-EAB4-4DDA-AA6F-13FD75A1B00B}.Ad-Hoc|iPhone.ActiveCfg = Release|Any CPU
		{E9B62BC8-EAB4-4DDA-AA6F-13FD75A1B00B}.Ad-Hoc|iPhoneSimulator.ActiveCfg = Release|Any CPU
		{E9B62BC8-EAB4-4DDA-AA6F-13FD75A1B00B}.Ad-Hoc|Mixed Platforms.ActiveCfg = Release|x86
		{E9B62BC8-EAB4-4DDA-AA6F-13FD75A1B00B}.Ad-Hoc|Mixed Platforms.Build.0 = Release|x86
		{E9B62BC8-EAB4-4DDA-AA6F-13FD75A1B00B}.Ad-Hoc|Mixed Platforms.Deploy.0 = Release|x86
		{E9B62BC8-EAB4-4DDA-AA6F-13FD75A1B00B}.Ad-Hoc|x86.ActiveCfg = Release|x86
		{E9B62BC8-EAB4-4DDA-AA6F-13FD75A1B00B}.Ad-Hoc|x86.Build.0 = Release|x86
		{E9B62BC8-EAB4-4DDA-AA6F-13FD75A1B00B}.Ad-Hoc|x86.Deploy.0 = Release|x86
		{E9B62BC8-EAB4-4DDA-AA6F-13FD75A1B00B}.AppStore|Any CPU.ActiveCfg = Release|Any CPU
		{E9B62BC8-EAB4-4DDA-AA6F-13FD75A1B00B}.AppStore|Any CPU.Build.0 = Release|Any CPU
		{E9B62BC8-EAB4-4DDA-AA6F-13FD75A1B00B}.AppStore|Any CPU.Deploy.0 = Release|Any CPU
		{E9B62BC8-EAB4-4DDA-AA6F-13FD75A1B00B}.AppStore|ARM.ActiveCfg = Release|ARM
		{E9B62BC8-EAB4-4DDA-AA6F-13FD75A1B00B}.AppStore|ARM.Build.0 = Release|ARM
		{E9B62BC8-EAB4-4DDA-AA6F-13FD75A1B00B}.AppStore|ARM.Deploy.0 = Release|ARM
		{E9B62BC8-EAB4-4DDA-AA6F-13FD75A1B00B}.AppStore|iPhone.ActiveCfg = Release|Any CPU
		{E9B62BC8-EAB4-4DDA-AA6F-13FD75A1B00B}.AppStore|iPhoneSimulator.ActiveCfg = Release|Any CPU
		{E9B62BC8-EAB4-4DDA-AA6F-13FD75A1B00B}.AppStore|Mixed Platforms.ActiveCfg = Release|x86
		{E9B62BC8-EAB4-4DDA-AA6F-13FD75A1B00B}.AppStore|Mixed Platforms.Build.0 = Release|x86
		{E9B62BC8-EAB4-4DDA-AA6F-13FD75A1B00B}.AppStore|Mixed Platforms.Deploy.0 = Release|x86
		{E9B62BC8-EAB4-4DDA-AA6F-13FD75A1B00B}.AppStore|x86.ActiveCfg = Release|x86
		{E9B62BC8-EAB4-4DDA-AA6F-13FD75A1B00B}.AppStore|x86.Build.0 = Release|x86
		{E9B62BC8-EAB4-4DDA-AA6F-13FD75A1B00B}.AppStore|x86.Deploy.0 = Release|x86
		{E9B62BC8-EAB4-4DDA-AA6F-13FD75A1B00B}.Debug|Any CPU.ActiveCfg = Debug|Any CPU
		{E9B62BC8-EAB4-4DDA-AA6F-13FD75A1B00B}.Debug|Any CPU.Build.0 = Debug|Any CPU
		{E9B62BC8-EAB4-4DDA-AA6F-13FD75A1B00B}.Debug|Any CPU.Deploy.0 = Debug|Any CPU
		{E9B62BC8-EAB4-4DDA-AA6F-13FD75A1B00B}.Debug|ARM.ActiveCfg = Debug|ARM
		{E9B62BC8-EAB4-4DDA-AA6F-13FD75A1B00B}.Debug|ARM.Build.0 = Debug|ARM
		{E9B62BC8-EAB4-4DDA-AA6F-13FD75A1B00B}.Debug|ARM.Deploy.0 = Debug|ARM
		{E9B62BC8-EAB4-4DDA-AA6F-13FD75A1B00B}.Debug|iPhone.ActiveCfg = Debug|Any CPU
		{E9B62BC8-EAB4-4DDA-AA6F-13FD75A1B00B}.Debug|iPhoneSimulator.ActiveCfg = Debug|Any CPU
		{E9B62BC8-EAB4-4DDA-AA6F-13FD75A1B00B}.Debug|Mixed Platforms.ActiveCfg = Debug|x86
		{E9B62BC8-EAB4-4DDA-AA6F-13FD75A1B00B}.Debug|Mixed Platforms.Build.0 = Debug|x86
		{E9B62BC8-EAB4-4DDA-AA6F-13FD75A1B00B}.Debug|Mixed Platforms.Deploy.0 = Debug|x86
		{E9B62BC8-EAB4-4DDA-AA6F-13FD75A1B00B}.Debug|x86.ActiveCfg = Debug|x86
		{E9B62BC8-EAB4-4DDA-AA6F-13FD75A1B00B}.Debug|x86.Build.0 = Debug|x86
		{E9B62BC8-EAB4-4DDA-AA6F-13FD75A1B00B}.Debug|x86.Deploy.0 = Debug|x86
		{E9B62BC8-EAB4-4DDA-AA6F-13FD75A1B00B}.Release|Any CPU.ActiveCfg = Release|Any CPU
		{E9B62BC8-EAB4-4DDA-AA6F-13FD75A1B00B}.Release|Any CPU.Build.0 = Release|Any CPU
		{E9B62BC8-EAB4-4DDA-AA6F-13FD75A1B00B}.Release|Any CPU.Deploy.0 = Release|Any CPU
		{E9B62BC8-EAB4-4DDA-AA6F-13FD75A1B00B}.Release|ARM.ActiveCfg = Release|ARM
		{E9B62BC8-EAB4-4DDA-AA6F-13FD75A1B00B}.Release|ARM.Build.0 = Release|ARM
		{E9B62BC8-EAB4-4DDA-AA6F-13FD75A1B00B}.Release|ARM.Deploy.0 = Release|ARM
		{E9B62BC8-EAB4-4DDA-AA6F-13FD75A1B00B}.Release|iPhone.ActiveCfg = Release|Any CPU
		{E9B62BC8-EAB4-4DDA-AA6F-13FD75A1B00B}.Release|iPhoneSimulator.ActiveCfg = Release|Any CPU
		{E9B62BC8-EAB4-4DDA-AA6F-13FD75A1B00B}.Release|Mixed Platforms.ActiveCfg = Release|x86
		{E9B62BC8-EAB4-4DDA-AA6F-13FD75A1B00B}.Release|Mixed Platforms.Build.0 = Release|x86
		{E9B62BC8-EAB4-4DDA-AA6F-13FD75A1B00B}.Release|Mixed Platforms.Deploy.0 = Release|x86
		{E9B62BC8-EAB4-4DDA-AA6F-13FD75A1B00B}.Release|x86.ActiveCfg = Release|x86
		{E9B62BC8-EAB4-4DDA-AA6F-13FD75A1B00B}.Release|x86.Build.0 = Release|x86
		{E9B62BC8-EAB4-4DDA-AA6F-13FD75A1B00B}.Release|x86.Deploy.0 = Release|x86
		{D7C93D56-46B8-4BC1-8CDF-A5BB9C7ACD21}.Ad-Hoc|Any CPU.ActiveCfg = Ad-Hoc|iPhone
		{D7C93D56-46B8-4BC1-8CDF-A5BB9C7ACD21}.Ad-Hoc|ARM.ActiveCfg = Ad-Hoc|iPhone
		{D7C93D56-46B8-4BC1-8CDF-A5BB9C7ACD21}.Ad-Hoc|iPhone.ActiveCfg = Ad-Hoc|iPhone
		{D7C93D56-46B8-4BC1-8CDF-A5BB9C7ACD21}.Ad-Hoc|iPhone.Build.0 = Ad-Hoc|iPhone
		{D7C93D56-46B8-4BC1-8CDF-A5BB9C7ACD21}.Ad-Hoc|iPhoneSimulator.ActiveCfg = Ad-Hoc|iPhoneSimulator
		{D7C93D56-46B8-4BC1-8CDF-A5BB9C7ACD21}.Ad-Hoc|iPhoneSimulator.Build.0 = Ad-Hoc|iPhoneSimulator
		{D7C93D56-46B8-4BC1-8CDF-A5BB9C7ACD21}.Ad-Hoc|Mixed Platforms.ActiveCfg = Ad-Hoc|iPhone
		{D7C93D56-46B8-4BC1-8CDF-A5BB9C7ACD21}.Ad-Hoc|Mixed Platforms.Build.0 = Ad-Hoc|iPhone
		{D7C93D56-46B8-4BC1-8CDF-A5BB9C7ACD21}.Ad-Hoc|x86.ActiveCfg = Ad-Hoc|iPhone
		{D7C93D56-46B8-4BC1-8CDF-A5BB9C7ACD21}.AppStore|Any CPU.ActiveCfg = AppStore|iPhone
		{D7C93D56-46B8-4BC1-8CDF-A5BB9C7ACD21}.AppStore|ARM.ActiveCfg = AppStore|iPhone
		{D7C93D56-46B8-4BC1-8CDF-A5BB9C7ACD21}.AppStore|iPhone.ActiveCfg = AppStore|iPhone
		{D7C93D56-46B8-4BC1-8CDF-A5BB9C7ACD21}.AppStore|iPhone.Build.0 = AppStore|iPhone
		{D7C93D56-46B8-4BC1-8CDF-A5BB9C7ACD21}.AppStore|iPhoneSimulator.ActiveCfg = AppStore|iPhoneSimulator
		{D7C93D56-46B8-4BC1-8CDF-A5BB9C7ACD21}.AppStore|iPhoneSimulator.Build.0 = AppStore|iPhoneSimulator
		{D7C93D56-46B8-4BC1-8CDF-A5BB9C7ACD21}.AppStore|Mixed Platforms.ActiveCfg = AppStore|iPhone
		{D7C93D56-46B8-4BC1-8CDF-A5BB9C7ACD21}.AppStore|Mixed Platforms.Build.0 = AppStore|iPhone
		{D7C93D56-46B8-4BC1-8CDF-A5BB9C7ACD21}.AppStore|x86.ActiveCfg = AppStore|iPhone
		{D7C93D56-46B8-4BC1-8CDF-A5BB9C7ACD21}.Debug|Any CPU.ActiveCfg = Debug|iPhone
		{D7C93D56-46B8-4BC1-8CDF-A5BB9C7ACD21}.Debug|ARM.ActiveCfg = Debug|iPhone
		{D7C93D56-46B8-4BC1-8CDF-A5BB9C7ACD21}.Debug|iPhone.ActiveCfg = Debug|iPhone
		{D7C93D56-46B8-4BC1-8CDF-A5BB9C7ACD21}.Debug|iPhone.Build.0 = Debug|iPhone
		{D7C93D56-46B8-4BC1-8CDF-A5BB9C7ACD21}.Debug|iPhoneSimulator.ActiveCfg = Debug|iPhoneSimulator
		{D7C93D56-46B8-4BC1-8CDF-A5BB9C7ACD21}.Debug|iPhoneSimulator.Build.0 = Debug|iPhoneSimulator
		{D7C93D56-46B8-4BC1-8CDF-A5BB9C7ACD21}.Debug|Mixed Platforms.ActiveCfg = Debug|iPhone
		{D7C93D56-46B8-4BC1-8CDF-A5BB9C7ACD21}.Debug|Mixed Platforms.Build.0 = Debug|iPhone
		{D7C93D56-46B8-4BC1-8CDF-A5BB9C7ACD21}.Debug|x86.ActiveCfg = Debug|iPhone
		{D7C93D56-46B8-4BC1-8CDF-A5BB9C7ACD21}.Release|Any CPU.ActiveCfg = Release|iPhone
		{D7C93D56-46B8-4BC1-8CDF-A5BB9C7ACD21}.Release|ARM.ActiveCfg = Release|iPhone
		{D7C93D56-46B8-4BC1-8CDF-A5BB9C7ACD21}.Release|iPhone.ActiveCfg = Release|iPhone
		{D7C93D56-46B8-4BC1-8CDF-A5BB9C7ACD21}.Release|iPhone.Build.0 = Release|iPhone
		{D7C93D56-46B8-4BC1-8CDF-A5BB9C7ACD21}.Release|iPhoneSimulator.ActiveCfg = Release|iPhoneSimulator
		{D7C93D56-46B8-4BC1-8CDF-A5BB9C7ACD21}.Release|iPhoneSimulator.Build.0 = Release|iPhoneSimulator
		{D7C93D56-46B8-4BC1-8CDF-A5BB9C7ACD21}.Release|Mixed Platforms.ActiveCfg = Release|iPhone
		{D7C93D56-46B8-4BC1-8CDF-A5BB9C7ACD21}.Release|Mixed Platforms.Build.0 = Release|iPhone
		{D7C93D56-46B8-4BC1-8CDF-A5BB9C7ACD21}.Release|x86.ActiveCfg = Release|iPhone
		{4DF3E3F4-1F1E-4E18-A432-CD005D18681E}.Ad-Hoc|Any CPU.ActiveCfg = Release|Any CPU
		{4DF3E3F4-1F1E-4E18-A432-CD005D18681E}.Ad-Hoc|Any CPU.Build.0 = Release|Any CPU
		{4DF3E3F4-1F1E-4E18-A432-CD005D18681E}.Ad-Hoc|Any CPU.Deploy.0 = Release|Any CPU
		{4DF3E3F4-1F1E-4E18-A432-CD005D18681E}.Ad-Hoc|ARM.ActiveCfg = Release|Any CPU
		{4DF3E3F4-1F1E-4E18-A432-CD005D18681E}.Ad-Hoc|iPhone.ActiveCfg = Release|Any CPU
		{4DF3E3F4-1F1E-4E18-A432-CD005D18681E}.Ad-Hoc|iPhoneSimulator.ActiveCfg = Release|Any CPU
		{4DF3E3F4-1F1E-4E18-A432-CD005D18681E}.Ad-Hoc|Mixed Platforms.ActiveCfg = Release|Any CPU
		{4DF3E3F4-1F1E-4E18-A432-CD005D18681E}.Ad-Hoc|Mixed Platforms.Build.0 = Release|Any CPU
		{4DF3E3F4-1F1E-4E18-A432-CD005D18681E}.Ad-Hoc|Mixed Platforms.Deploy.0 = Release|Any CPU
		{4DF3E3F4-1F1E-4E18-A432-CD005D18681E}.Ad-Hoc|x86.ActiveCfg = Release|Any CPU
		{4DF3E3F4-1F1E-4E18-A432-CD005D18681E}.AppStore|Any CPU.ActiveCfg = Release|Any CPU
		{4DF3E3F4-1F1E-4E18-A432-CD005D18681E}.AppStore|Any CPU.Build.0 = Release|Any CPU
		{4DF3E3F4-1F1E-4E18-A432-CD005D18681E}.AppStore|Any CPU.Deploy.0 = Release|Any CPU
		{4DF3E3F4-1F1E-4E18-A432-CD005D18681E}.AppStore|ARM.ActiveCfg = Release|Any CPU
		{4DF3E3F4-1F1E-4E18-A432-CD005D18681E}.AppStore|iPhone.ActiveCfg = Release|Any CPU
		{4DF3E3F4-1F1E-4E18-A432-CD005D18681E}.AppStore|iPhoneSimulator.ActiveCfg = Release|Any CPU
		{4DF3E3F4-1F1E-4E18-A432-CD005D18681E}.AppStore|Mixed Platforms.ActiveCfg = Release|Any CPU
		{4DF3E3F4-1F1E-4E18-A432-CD005D18681E}.AppStore|Mixed Platforms.Build.0 = Release|Any CPU
		{4DF3E3F4-1F1E-4E18-A432-CD005D18681E}.AppStore|Mixed Platforms.Deploy.0 = Release|Any CPU
		{4DF3E3F4-1F1E-4E18-A432-CD005D18681E}.AppStore|x86.ActiveCfg = Release|Any CPU
		{4DF3E3F4-1F1E-4E18-A432-CD005D18681E}.Debug|Any CPU.ActiveCfg = Debug|Any CPU
		{4DF3E3F4-1F1E-4E18-A432-CD005D18681E}.Debug|Any CPU.Build.0 = Debug|Any CPU
		{4DF3E3F4-1F1E-4E18-A432-CD005D18681E}.Debug|Any CPU.Deploy.0 = Debug|Any CPU
		{4DF3E3F4-1F1E-4E18-A432-CD005D18681E}.Debug|ARM.ActiveCfg = Debug|Any CPU
		{4DF3E3F4-1F1E-4E18-A432-CD005D18681E}.Debug|iPhone.ActiveCfg = Debug|Any CPU
		{4DF3E3F4-1F1E-4E18-A432-CD005D18681E}.Debug|iPhoneSimulator.ActiveCfg = Debug|Any CPU
		{4DF3E3F4-1F1E-4E18-A432-CD005D18681E}.Debug|Mixed Platforms.ActiveCfg = Debug|Any CPU
		{4DF3E3F4-1F1E-4E18-A432-CD005D18681E}.Debug|Mixed Platforms.Build.0 = Debug|Any CPU
		{4DF3E3F4-1F1E-4E18-A432-CD005D18681E}.Debug|Mixed Platforms.Deploy.0 = Debug|Any CPU
		{4DF3E3F4-1F1E-4E18-A432-CD005D18681E}.Debug|x86.ActiveCfg = Debug|Any CPU
		{4DF3E3F4-1F1E-4E18-A432-CD005D18681E}.Release|Any CPU.ActiveCfg = Release|Any CPU
		{4DF3E3F4-1F1E-4E18-A432-CD005D18681E}.Release|Any CPU.Build.0 = Release|Any CPU
		{4DF3E3F4-1F1E-4E18-A432-CD005D18681E}.Release|Any CPU.Deploy.0 = Release|Any CPU
		{4DF3E3F4-1F1E-4E18-A432-CD005D18681E}.Release|ARM.ActiveCfg = Release|Any CPU
		{4DF3E3F4-1F1E-4E18-A432-CD005D18681E}.Release|iPhone.ActiveCfg = Release|Any CPU
		{4DF3E3F4-1F1E-4E18-A432-CD005D18681E}.Release|iPhoneSimulator.ActiveCfg = Release|Any CPU
		{4DF3E3F4-1F1E-4E18-A432-CD005D18681E}.Release|Mixed Platforms.ActiveCfg = Release|Any CPU
		{4DF3E3F4-1F1E-4E18-A432-CD005D18681E}.Release|Mixed Platforms.Build.0 = Release|Any CPU
		{4DF3E3F4-1F1E-4E18-A432-CD005D18681E}.Release|Mixed Platforms.Deploy.0 = Release|Any CPU
		{4DF3E3F4-1F1E-4E18-A432-CD005D18681E}.Release|x86.ActiveCfg = Release|Any CPU
	EndGlobalSection
	GlobalSection(SolutionProperties) = preSolution
		HideSolutionNode = FALSE
	EndGlobalSection
EndGlobal
