
Microsoft Visual Studio Solution File, Format Version 12.00
# Visual Studio 2013
VisualStudioVersion = 12.0.31101.0
MinimumVisualStudioVersion = 10.0.40219.1
Project("{FAE04EC0-301F-11D3-BF4B-00C04F79EFBC}") = "TheAbcSong.WinPhone", "TheAbcSong\TheAbcSong.WinPhone\TheAbcSong.WinPhone.csproj", "{5889451E-A6CB-407E-BAB4-5400EAE39D40}"
EndProject
Project("{FAE04EC0-301F-11D3-BF4B-00C04F79EFBC}") = "TheAbcSong.iOS", "TheAbcSong\TheAbcSong.iOS\TheAbcSong.iOS.csproj", "{874BC3A5-AA14-4D14-A055-CBE835A6DEB2}"
EndProject
Project("{FAE04EC0-301F-11D3-BF4B-00C04F79EFBC}") = "TheAbcSong.Droid", "TheAbcSong\TheAbcSong.Droid\TheAbcSong.Droid.csproj", "{143D45F8-35DD-411A-8DDE-951973435E32}"
EndProject
Project("{D954291E-2A0B-460D-934E-DC6B0785DB48}") = "TheAbcSong", "TheAbcSong\TheAbcSong\TheAbcSong.shproj", "{8B762EA2-9A7C-4A3A-AA65-41329644E8EA}"
EndProject
Global
	GlobalSection(SharedMSBuildProjectFiles) = preSolution
		TheAbcSong\TheAbcSong\TheAbcSong.projitems*{8b762ea2-9a7c-4a3a-aa65-41329644e8ea}*SharedItemsImports = 13
	EndGlobalSection
	GlobalSection(SolutionConfigurationPlatforms) = preSolution
		Ad-Hoc|Any CPU = Ad-Hoc|Any CPU
		Ad-Hoc|ARM = Ad-Hoc|ARM
		Ad-Hoc|iPhone = Ad-Hoc|iPhone
		Ad-Hoc|iPhoneSimulator = Ad-Hoc|iPhoneSimulator
		Ad-Hoc|Mixed Platforms = Ad-Hoc|Mixed Platforms
		Ad-Hoc|x86 = Ad-Hoc|x86
		AppStore|Any CPU = AppStore|Any CPU
		AppStore|ARM = AppStore|ARM
		AppStore|iPhone = AppStore|iPhone
		AppStore|iPhoneSimulator = AppStore|iPhoneSimulator
		AppStore|Mixed Platforms = AppStore|Mixed Platforms
		AppStore|x86 = AppStore|x86
		Debug|Any CPU = Debug|Any CPU
		Debug|ARM = Debug|ARM
		Debug|iPhone = Debug|iPhone
		Debug|iPhoneSimulator = Debug|iPhoneSimulator
		Debug|Mixed Platforms = Debug|Mixed Platforms
		Debug|x86 = Debug|x86
		Release|Any CPU = Release|Any CPU
		Release|ARM = Release|ARM
		Release|iPhone = Release|iPhone
		Release|iPhoneSimulator = Release|iPhoneSimulator
		Release|Mixed Platforms = Release|Mixed Platforms
		Release|x86 = Release|x86
	EndGlobalSection
	GlobalSection(ProjectConfigurationPlatforms) = postSolution
		{5889451E-A6CB-407E-BAB4-5400EAE39D40}.Ad-Hoc|Any CPU.ActiveCfg = Release|Any CPU
		{5889451E-A6CB-407E-BAB4-5400EAE39D40}.Ad-Hoc|Any CPU.Build.0 = Release|Any CPU
		{5889451E-A6CB-407E-BAB4-5400EAE39D40}.Ad-Hoc|Any CPU.Deploy.0 = Release|Any CPU
		{5889451E-A6CB-407E-BAB4-5400EAE39D40}.Ad-Hoc|ARM.ActiveCfg = Release|ARM
		{5889451E-A6CB-407E-BAB4-5400EAE39D40}.Ad-Hoc|ARM.Build.0 = Release|ARM
		{5889451E-A6CB-407E-BAB4-5400EAE39D40}.Ad-Hoc|ARM.Deploy.0 = Release|ARM
		{5889451E-A6CB-407E-BAB4-5400EAE39D40}.Ad-Hoc|iPhone.ActiveCfg = Release|Any CPU
		{5889451E-A6CB-407E-BAB4-5400EAE39D40}.Ad-Hoc|iPhoneSimulator.ActiveCfg = Release|Any CPU
		{5889451E-A6CB-407E-BAB4-5400EAE39D40}.Ad-Hoc|Mixed Platforms.ActiveCfg = Release|x86
		{5889451E-A6CB-407E-BAB4-5400EAE39D40}.Ad-Hoc|Mixed Platforms.Build.0 = Release|x86
		{5889451E-A6CB-407E-BAB4-5400EAE39D40}.Ad-Hoc|Mixed Platforms.Deploy.0 = Release|x86
		{5889451E-A6CB-407E-BAB4-5400EAE39D40}.Ad-Hoc|x86.ActiveCfg = Release|x86
		{5889451E-A6CB-407E-BAB4-5400EAE39D40}.Ad-Hoc|x86.Build.0 = Release|x86
		{5889451E-A6CB-407E-BAB4-5400EAE39D40}.Ad-Hoc|x86.Deploy.0 = Release|x86
		{5889451E-A6CB-407E-BAB4-5400EAE39D40}.AppStore|Any CPU.ActiveCfg = Release|Any CPU
		{5889451E-A6CB-407E-BAB4-5400EAE39D40}.AppStore|Any CPU.Build.0 = Release|Any CPU
		{5889451E-A6CB-407E-BAB4-5400EAE39D40}.AppStore|Any CPU.Deploy.0 = Release|Any CPU
		{5889451E-A6CB-407E-BAB4-5400EAE39D40}.AppStore|ARM.ActiveCfg = Release|ARM
		{5889451E-A6CB-407E-BAB4-5400EAE39D40}.AppStore|ARM.Build.0 = Release|ARM
		{5889451E-A6CB-407E-BAB4-5400EAE39D40}.AppStore|ARM.Deploy.0 = Release|ARM
		{5889451E-A6CB-407E-BAB4-5400EAE39D40}.AppStore|iPhone.ActiveCfg = Release|Any CPU
		{5889451E-A6CB-407E-BAB4-5400EAE39D40}.AppStore|iPhoneSimulator.ActiveCfg = Release|Any CPU
		{5889451E-A6CB-407E-BAB4-5400EAE39D40}.AppStore|Mixed Platforms.ActiveCfg = Release|x86
		{5889451E-A6CB-407E-BAB4-5400EAE39D40}.AppStore|Mixed Platforms.Build.0 = Release|x86
		{5889451E-A6CB-407E-BAB4-5400EAE39D40}.AppStore|Mixed Platforms.Deploy.0 = Release|x86
		{5889451E-A6CB-407E-BAB4-5400EAE39D40}.AppStore|x86.ActiveCfg = Release|x86
		{5889451E-A6CB-407E-BAB4-5400EAE39D40}.AppStore|x86.Build.0 = Release|x86
		{5889451E-A6CB-407E-BAB4-5400EAE39D40}.AppStore|x86.Deploy.0 = Release|x86
		{5889451E-A6CB-407E-BAB4-5400EAE39D40}.Debug|Any CPU.ActiveCfg = Debug|Any CPU
		{5889451E-A6CB-407E-BAB4-5400EAE39D40}.Debug|Any CPU.Build.0 = Debug|Any CPU
		{5889451E-A6CB-407E-BAB4-5400EAE39D40}.Debug|Any CPU.Deploy.0 = Debug|Any CPU
		{5889451E-A6CB-407E-BAB4-5400EAE39D40}.Debug|ARM.ActiveCfg = Debug|ARM
		{5889451E-A6CB-407E-BAB4-5400EAE39D40}.Debug|ARM.Build.0 = Debug|ARM
		{5889451E-A6CB-407E-BAB4-5400EAE39D40}.Debug|ARM.Deploy.0 = Debug|ARM
		{5889451E-A6CB-407E-BAB4-5400EAE39D40}.Debug|iPhone.ActiveCfg = Debug|Any CPU
		{5889451E-A6CB-407E-BAB4-5400EAE39D40}.Debug|iPhoneSimulator.ActiveCfg = Debug|Any CPU
		{5889451E-A6CB-407E-BAB4-5400EAE39D40}.Debug|Mixed Platforms.ActiveCfg = Debug|x86
		{5889451E-A6CB-407E-BAB4-5400EAE39D40}.Debug|Mixed Platforms.Build.0 = Debug|x86
		{5889451E-A6CB-407E-BAB4-5400EAE39D40}.Debug|Mixed Platforms.Deploy.0 = Debug|x86
		{5889451E-A6CB-407E-BAB4-5400EAE39D40}.Debug|x86.ActiveCfg = Debug|x86
		{5889451E-A6CB-407E-BAB4-5400EAE39D40}.Debug|x86.Build.0 = Debug|x86
		{5889451E-A6CB-407E-BAB4-5400EAE39D40}.Debug|x86.Deploy.0 = Debug|x86
		{5889451E-A6CB-407E-BAB4-5400EAE39D40}.Release|Any CPU.ActiveCfg = Release|Any CPU
		{5889451E-A6CB-407E-BAB4-5400EAE39D40}.Release|Any CPU.Build.0 = Release|Any CPU
		{5889451E-A6CB-407E-BAB4-5400EAE39D40}.Release|Any CPU.Deploy.0 = Release|Any CPU
		{5889451E-A6CB-407E-BAB4-5400EAE39D40}.Release|ARM.ActiveCfg = Release|ARM
		{5889451E-A6CB-407E-BAB4-5400EAE39D40}.Release|ARM.Build.0 = Release|ARM
		{5889451E-A6CB-407E-BAB4-5400EAE39D40}.Release|ARM.Deploy.0 = Release|ARM
		{5889451E-A6CB-407E-BAB4-5400EAE39D40}.Release|iPhone.ActiveCfg = Release|Any CPU
		{5889451E-A6CB-407E-BAB4-5400EAE39D40}.Release|iPhoneSimulator.ActiveCfg = Release|Any CPU
		{5889451E-A6CB-407E-BAB4-5400EAE39D40}.Release|Mixed Platforms.ActiveCfg = Release|x86
		{5889451E-A6CB-407E-BAB4-5400EAE39D40}.Release|Mixed Platforms.Build.0 = Release|x86
		{5889451E-A6CB-407E-BAB4-5400EAE39D40}.Release|Mixed Platforms.Deploy.0 = Release|x86
		{5889451E-A6CB-407E-BAB4-5400EAE39D40}.Release|x86.ActiveCfg = Release|x86
		{5889451E-A6CB-407E-BAB4-5400EAE39D40}.Release|x86.Build.0 = Release|x86
		{5889451E-A6CB-407E-BAB4-5400EAE39D40}.Release|x86.Deploy.0 = Release|x86
		{874BC3A5-AA14-4D14-A055-CBE835A6DEB2}.Ad-Hoc|Any CPU.ActiveCfg = Ad-Hoc|iPhone
		{874BC3A5-AA14-4D14-A055-CBE835A6DEB2}.Ad-Hoc|ARM.ActiveCfg = Ad-Hoc|iPhone
		{874BC3A5-AA14-4D14-A055-CBE835A6DEB2}.Ad-Hoc|iPhone.ActiveCfg = Ad-Hoc|iPhone
		{874BC3A5-AA14-4D14-A055-CBE835A6DEB2}.Ad-Hoc|iPhone.Build.0 = Ad-Hoc|iPhone
		{874BC3A5-AA14-4D14-A055-CBE835A6DEB2}.Ad-Hoc|iPhoneSimulator.ActiveCfg = Ad-Hoc|iPhoneSimulator
		{874BC3A5-AA14-4D14-A055-CBE835A6DEB2}.Ad-Hoc|iPhoneSimulator.Build.0 = Ad-Hoc|iPhoneSimulator
		{874BC3A5-AA14-4D14-A055-CBE835A6DEB2}.Ad-Hoc|Mixed Platforms.ActiveCfg = Ad-Hoc|iPhone
		{874BC3A5-AA14-4D14-A055-CBE835A6DEB2}.Ad-Hoc|Mixed Platforms.Build.0 = Ad-Hoc|iPhone
		{874BC3A5-AA14-4D14-A055-CBE835A6DEB2}.Ad-Hoc|x86.ActiveCfg = Ad-Hoc|iPhone
		{874BC3A5-AA14-4D14-A055-CBE835A6DEB2}.AppStore|Any CPU.ActiveCfg = AppStore|iPhone
		{874BC3A5-AA14-4D14-A055-CBE835A6DEB2}.AppStore|ARM.ActiveCfg = AppStore|iPhone
		{874BC3A5-AA14-4D14-A055-CBE835A6DEB2}.AppStore|iPhone.ActiveCfg = AppStore|iPhone
		{874BC3A5-AA14-4D14-A055-CBE835A6DEB2}.AppStore|iPhone.Build.0 = AppStore|iPhone
		{874BC3A5-AA14-4D14-A055-CBE835A6DEB2}.AppStore|iPhoneSimulator.ActiveCfg = AppStore|iPhoneSimulator
		{874BC3A5-AA14-4D14-A055-CBE835A6DEB2}.AppStore|iPhoneSimulator.Build.0 = AppStore|iPhoneSimulator
		{874BC3A5-AA14-4D14-A055-CBE835A6DEB2}.AppStore|Mixed Platforms.ActiveCfg = AppStore|iPhone
		{874BC3A5-AA14-4D14-A055-CBE835A6DEB2}.AppStore|Mixed Platforms.Build.0 = AppStore|iPhone
		{874BC3A5-AA14-4D14-A055-CBE835A6DEB2}.AppStore|x86.ActiveCfg = AppStore|iPhone
		{874BC3A5-AA14-4D14-A055-CBE835A6DEB2}.Debug|Any CPU.ActiveCfg = Debug|iPhone
		{874BC3A5-AA14-4D14-A055-CBE835A6DEB2}.Debug|ARM.ActiveCfg = Debug|iPhone
		{874BC3A5-AA14-4D14-A055-CBE835A6DEB2}.Debug|iPhone.ActiveCfg = Debug|iPhone
		{874BC3A5-AA14-4D14-A055-CBE835A6DEB2}.Debug|iPhone.Build.0 = Debug|iPhone
		{874BC3A5-AA14-4D14-A055-CBE835A6DEB2}.Debug|iPhoneSimulator.ActiveCfg = Debug|iPhoneSimulator
		{874BC3A5-AA14-4D14-A055-CBE835A6DEB2}.Debug|iPhoneSimulator.Build.0 = Debug|iPhoneSimulator
		{874BC3A5-AA14-4D14-A055-CBE835A6DEB2}.Debug|Mixed Platforms.ActiveCfg = Debug|iPhone
		{874BC3A5-AA14-4D14-A055-CBE835A6DEB2}.Debug|Mixed Platforms.Build.0 = Debug|iPhone
		{874BC3A5-AA14-4D14-A055-CBE835A6DEB2}.Debug|x86.ActiveCfg = Debug|iPhone
		{874BC3A5-AA14-4D14-A055-CBE835A6DEB2}.Release|Any CPU.ActiveCfg = Release|iPhone
		{874BC3A5-AA14-4D14-A055-CBE835A6DEB2}.Release|ARM.ActiveCfg = Release|iPhone
		{874BC3A5-AA14-4D14-A055-CBE835A6DEB2}.Release|iPhone.ActiveCfg = Release|iPhone
		{874BC3A5-AA14-4D14-A055-CBE835A6DEB2}.Release|iPhone.Build.0 = Release|iPhone
		{874BC3A5-AA14-4D14-A055-CBE835A6DEB2}.Release|iPhoneSimulator.ActiveCfg = Release|iPhoneSimulator
		{874BC3A5-AA14-4D14-A055-CBE835A6DEB2}.Release|iPhoneSimulator.Build.0 = Release|iPhoneSimulator
		{874BC3A5-AA14-4D14-A055-CBE835A6DEB2}.Release|Mixed Platforms.ActiveCfg = Release|iPhone
		{874BC3A5-AA14-4D14-A055-CBE835A6DEB2}.Release|Mixed Platforms.Build.0 = Release|iPhone
		{874BC3A5-AA14-4D14-A055-CBE835A6DEB2}.Release|x86.ActiveCfg = Release|iPhone
		{143D45F8-35DD-411A-8DDE-951973435E32}.Ad-Hoc|Any CPU.ActiveCfg = Release|Any CPU
		{143D45F8-35DD-411A-8DDE-951973435E32}.Ad-Hoc|Any CPU.Build.0 = Release|Any CPU
		{143D45F8-35DD-411A-8DDE-951973435E32}.Ad-Hoc|Any CPU.Deploy.0 = Release|Any CPU
		{143D45F8-35DD-411A-8DDE-951973435E32}.Ad-Hoc|ARM.ActiveCfg = Release|Any CPU
		{143D45F8-35DD-411A-8DDE-951973435E32}.Ad-Hoc|iPhone.ActiveCfg = Release|Any CPU
		{143D45F8-35DD-411A-8DDE-951973435E32}.Ad-Hoc|iPhoneSimulator.ActiveCfg = Release|Any CPU
		{143D45F8-35DD-411A-8DDE-951973435E32}.Ad-Hoc|Mixed Platforms.ActiveCfg = Release|Any CPU
		{143D45F8-35DD-411A-8DDE-951973435E32}.Ad-Hoc|Mixed Platforms.Build.0 = Release|Any CPU
		{143D45F8-35DD-411A-8DDE-951973435E32}.Ad-Hoc|Mixed Platforms.Deploy.0 = Release|Any CPU
		{143D45F8-35DD-411A-8DDE-951973435E32}.Ad-Hoc|x86.ActiveCfg = Release|Any CPU
		{143D45F8-35DD-411A-8DDE-951973435E32}.AppStore|Any CPU.ActiveCfg = Release|Any CPU
		{143D45F8-35DD-411A-8DDE-951973435E32}.AppStore|Any CPU.Build.0 = Release|Any CPU
		{143D45F8-35DD-411A-8DDE-951973435E32}.AppStore|Any CPU.Deploy.0 = Release|Any CPU
		{143D45F8-35DD-411A-8DDE-951973435E32}.AppStore|ARM.ActiveCfg = Release|Any CPU
		{143D45F8-35DD-411A-8DDE-951973435E32}.AppStore|iPhone.ActiveCfg = Release|Any CPU
		{143D45F8-35DD-411A-8DDE-951973435E32}.AppStore|iPhoneSimulator.ActiveCfg = Release|Any CPU
		{143D45F8-35DD-411A-8DDE-951973435E32}.AppStore|Mixed Platforms.ActiveCfg = Release|Any CPU
		{143D45F8-35DD-411A-8DDE-951973435E32}.AppStore|Mixed Platforms.Build.0 = Release|Any CPU
		{143D45F8-35DD-411A-8DDE-951973435E32}.AppStore|Mixed Platforms.Deploy.0 = Release|Any CPU
		{143D45F8-35DD-411A-8DDE-951973435E32}.AppStore|x86.ActiveCfg = Release|Any CPU
		{143D45F8-35DD-411A-8DDE-951973435E32}.Debug|Any CPU.ActiveCfg = Debug|Any CPU
		{143D45F8-35DD-411A-8DDE-951973435E32}.Debug|Any CPU.Build.0 = Debug|Any CPU
		{143D45F8-35DD-411A-8DDE-951973435E32}.Debug|Any CPU.Deploy.0 = Debug|Any CPU
		{143D45F8-35DD-411A-8DDE-951973435E32}.Debug|ARM.ActiveCfg = Debug|Any CPU
		{143D45F8-35DD-411A-8DDE-951973435E32}.Debug|iPhone.ActiveCfg = Debug|Any CPU
		{143D45F8-35DD-411A-8DDE-951973435E32}.Debug|iPhoneSimulator.ActiveCfg = Debug|Any CPU
		{143D45F8-35DD-411A-8DDE-951973435E32}.Debug|Mixed Platforms.ActiveCfg = Debug|Any CPU
		{143D45F8-35DD-411A-8DDE-951973435E32}.Debug|Mixed Platforms.Build.0 = Debug|Any CPU
		{143D45F8-35DD-411A-8DDE-951973435E32}.Debug|Mixed Platforms.Deploy.0 = Debug|Any CPU
		{143D45F8-35DD-411A-8DDE-951973435E32}.Debug|x86.ActiveCfg = Debug|Any CPU
		{143D45F8-35DD-411A-8DDE-951973435E32}.Release|Any CPU.ActiveCfg = Release|Any CPU
		{143D45F8-35DD-411A-8DDE-951973435E32}.Release|Any CPU.Build.0 = Release|Any CPU
		{143D45F8-35DD-411A-8DDE-951973435E32}.Release|Any CPU.Deploy.0 = Release|Any CPU
		{143D45F8-35DD-411A-8DDE-951973435E32}.Release|ARM.ActiveCfg = Release|Any CPU
		{143D45F8-35DD-411A-8DDE-951973435E32}.Release|iPhone.ActiveCfg = Release|Any CPU
		{143D45F8-35DD-411A-8DDE-951973435E32}.Release|iPhoneSimulator.ActiveCfg = Release|Any CPU
		{143D45F8-35DD-411A-8DDE-951973435E32}.Release|Mixed Platforms.ActiveCfg = Release|Any CPU
		{143D45F8-35DD-411A-8DDE-951973435E32}.Release|Mixed Platforms.Build.0 = Release|Any CPU
		{143D45F8-35DD-411A-8DDE-951973435E32}.Release|Mixed Platforms.Deploy.0 = Release|Any CPU
		{143D45F8-35DD-411A-8DDE-951973435E32}.Release|x86.ActiveCfg = Release|Any CPU
	EndGlobalSection
	GlobalSection(SolutionProperties) = preSolution
		HideSolutionNode = FALSE
	EndGlobalSection
EndGlobal
